
Microsoft Visual Studio Solution File, Format Version 12.00
# Visual Studio 15
VisualStudioVersion = 15.0.27130.2003
MinimumVisualStudioVersion = 10.0.40219.1
Project("{FAE04EC0-301F-11D3-BF4B-00C04F79EFBC}") = "Trivality.Web", "Trivality.Web\Trivality.Web.csproj", "{A639B7C5-8538-459E-9915-A89ACDD8AE55}"
EndProject
Project("{FAE04EC0-301F-11D3-BF4B-00C04F79EFBC}") = "Trivality.Services", "Trivality.Services\Trivality.Services.csproj", "{72014636-CE8B-4E01-BAAE-8176E620F5AA}"
EndProject
Project("{FAE04EC0-301F-11D3-BF4B-00C04F79EFBC}") = "Trivality.Models", "Trivality.Models\Trivality.Models.csproj", "{E4116400-5036-4967-9BA1-CB19D012CA52}"
EndProject
Global
	GlobalSection(SolutionConfigurationPlatforms) = preSolution
		Debug|Any CPU = Debug|Any CPU
		Release|Any CPU = Release|Any CPU
	EndGlobalSection
	GlobalSection(ProjectConfigurationPlatforms) = postSolution
		{A639B7C5-8538-459E-9915-A89ACDD8AE55}.Debug|Any CPU.ActiveCfg = Debug|Any CPU
		{A639B7C5-8538-459E-9915-A89ACDD8AE55}.Debug|Any CPU.Build.0 = Debug|Any CPU
		{A639B7C5-8538-459E-9915-A89ACDD8AE55}.Release|Any CPU.ActiveCfg = Release|Any CPU
		{A639B7C5-8538-459E-9915-A89ACDD8AE55}.Release|Any CPU.Build.0 = Release|Any CPU
		{72014636-CE8B-4E01-BAAE-8176E620F5AA}.Debug|Any CPU.ActiveCfg = Debug|Any CPU
		{72014636-CE8B-4E01-BAAE-8176E620F5AA}.Debug|Any CPU.Build.0 = Debug|Any CPU
		{72014636-CE8B-4E01-BAAE-8176E620F5AA}.Release|Any CPU.ActiveCfg = Release|Any CPU
		{72014636-CE8B-4E01-BAAE-8176E620F5AA}.Release|Any CPU.Build.0 = Release|Any CPU
		{E4116400-5036-4967-9BA1-CB19D012CA52}.Debug|Any CPU.ActiveCfg = Debug|Any CPU
		{E4116400-5036-4967-9BA1-CB19D012CA52}.Debug|Any CPU.Build.0 = Debug|Any CPU
		{E4116400-5036-4967-9BA1-CB19D012CA52}.Release|Any CPU.ActiveCfg = Release|Any CPU
		{E4116400-5036-4967-9BA1-CB19D012CA52}.Release|Any CPU.Build.0 = Release|Any CPU
	EndGlobalSection
	GlobalSection(SolutionProperties) = preSolution
		HideSolutionNode = FALSE
	EndGlobalSection
	GlobalSection(ExtensibilityGlobals) = postSolution
		SolutionGuid = {F682C989-674D-47B2-AE30-C85CD39EB107}
	EndGlobalSection
EndGlobal
